
Microsoft Visual Studio Solution File, Format Version 12.00
# Visual Studio Version 16
VisualStudioVersion = 16.0.31205.134
MinimumVisualStudioVersion = 10.0.40219.1
Project("{FAE04EC0-301F-11D3-BF4B-00C04F79EFBC}") = "v0630", "v0630\v0630.csproj", "{702FB917-5D97-4DD2-9944-B9B2DD027ED3}"
EndProject
Global
	GlobalSection(SolutionConfigurationPlatforms) = preSolution
		Debug|Any CPU = Debug|Any CPU
		Release|Any CPU = Release|Any CPU
	EndGlobalSection
	GlobalSection(ProjectConfigurationPlatforms) = postSolution
		{702FB917-5D97-4DD2-9944-B9B2DD027ED3}.Debug|Any CPU.ActiveCfg = Debug|Any CPU
		{702FB917-5D97-4DD2-9944-B9B2DD027ED3}.Debug|Any CPU.Build.0 = Debug|Any CPU
		{702FB917-5D97-4DD2-9944-B9B2DD027ED3}.Release|Any CPU.ActiveCfg = Release|Any CPU
		{702FB917-5D97-4DD2-9944-B9B2DD027ED3}.Release|Any CPU.Build.0 = Release|Any CPU
	EndGlobalSection
	GlobalSection(SolutionProperties) = preSolution
		HideSolutionNode = FALSE
	EndGlobalSection
	GlobalSection(ExtensibilityGlobals) = postSolution
		SolutionGuid = {A39668C3-F38D-4983-B9CD-740D17F9AC4B}
	EndGlobalSection
EndGlobal
